
Microsoft Visual Studio Solution File, Format Version 12.00
# Visual Studio Version 17
VisualStudioVersion = 17.9.34728.123
MinimumVisualStudioVersion = 10.0.40219.1
Project("{FAE04EC0-301F-11D3-BF4B-00C04F79EFBC}") = "HealthCenter_API", "HealthCenter_API.csproj", "{A3B403A4-8456-4788-92E6-A1BAA250B115}"
EndProject
Project("{FAE04EC0-301F-11D3-BF4B-00C04F79EFBC}") = "HealthCenterBussinessLayer", "..\HealthCenterBussinessLayer\HealthCenterBussinessLayer.csproj", "{1F151B50-C10D-4B2F-ADAF-BFB9145EF0F7}"
EndProject
Project("{FAE04EC0-301F-11D3-BF4B-00C04F79EFBC}") = "HealthCenterDataAccess", "..\HealthCenterDataAccess\HealthCenterDataAccess.csproj", "{087BB289-CAE2-4691-B9CD-5E7AEA32527B}"
EndProject
Global
	GlobalSection(SolutionConfigurationPlatforms) = preSolution
		Debug|Any CPU = Debug|Any CPU
		Release|Any CPU = Release|Any CPU
	EndGlobalSection
	GlobalSection(ProjectConfigurationPlatforms) = postSolution
		{A3B403A4-8456-4788-92E6-A1BAA250B115}.Debug|Any CPU.ActiveCfg = Debug|Any CPU
		{A3B403A4-8456-4788-92E6-A1BAA250B115}.Debug|Any CPU.Build.0 = Debug|Any CPU
		{A3B403A4-8456-4788-92E6-A1BAA250B115}.Release|Any CPU.ActiveCfg = Release|Any CPU
		{A3B403A4-8456-4788-92E6-A1BAA250B115}.Release|Any CPU.Build.0 = Release|Any CPU
		{1F151B50-C10D-4B2F-ADAF-BFB9145EF0F7}.Debug|Any CPU.ActiveCfg = Debug|Any CPU
		{1F151B50-C10D-4B2F-ADAF-BFB9145EF0F7}.Debug|Any CPU.Build.0 = Debug|Any CPU
		{1F151B50-C10D-4B2F-ADAF-BFB9145EF0F7}.Release|Any CPU.ActiveCfg = Release|Any CPU
		{1F151B50-C10D-4B2F-ADAF-BFB9145EF0F7}.Release|Any CPU.Build.0 = Release|Any CPU
		{087BB289-CAE2-4691-B9CD-5E7AEA32527B}.Debug|Any CPU.ActiveCfg = Debug|Any CPU
		{087BB289-CAE2-4691-B9CD-5E7AEA32527B}.Debug|Any CPU.Build.0 = Debug|Any CPU
		{087BB289-CAE2-4691-B9CD-5E7AEA32527B}.Release|Any CPU.ActiveCfg = Release|Any CPU
		{087BB289-CAE2-4691-B9CD-5E7AEA32527B}.Release|Any CPU.Build.0 = Release|Any CPU
	EndGlobalSection
	GlobalSection(SolutionProperties) = preSolution
		HideSolutionNode = FALSE
	EndGlobalSection
	GlobalSection(ExtensibilityGlobals) = postSolution
		SolutionGuid = {012C3F17-E4B9-4883-ACD1-70B73C34F942}
	EndGlobalSection
EndGlobal
